
Microsoft Visual Studio Solution File, Format Version 12.00
# Visual Studio Version 17
VisualStudioVersion = 17.11.35312.102
MinimumVisualStudioVersion = 10.0.40219.1
Project("{FAE04EC0-301F-11D3-BF4B-00C04F79EFBC}") = "E-Commerce_Try2", "E-Commerce_Try2\E-Commerce_Try2.csproj", "{6075D7DB-56C7-46A3-9DCB-1FA39922B912}"
EndProject
Global
	GlobalSection(SolutionConfigurationPlatforms) = preSolution
		Debug|Any CPU = Debug|Any CPU
		Release|Any CPU = Release|Any CPU
	EndGlobalSection
	GlobalSection(ProjectConfigurationPlatforms) = postSolution
		{6075D7DB-56C7-46A3-9DCB-1FA39922B912}.Debug|Any CPU.ActiveCfg = Debug|Any CPU
		{6075D7DB-56C7-46A3-9DCB-1FA39922B912}.Debug|Any CPU.Build.0 = Debug|Any CPU
		{6075D7DB-56C7-46A3-9DCB-1FA39922B912}.Release|Any CPU.ActiveCfg = Release|Any CPU
		{6075D7DB-56C7-46A3-9DCB-1FA39922B912}.Release|Any CPU.Build.0 = Release|Any CPU
	EndGlobalSection
	GlobalSection(SolutionProperties) = preSolution
		HideSolutionNode = FALSE
	EndGlobalSection
	GlobalSection(ExtensibilityGlobals) = postSolution
		SolutionGuid = {6ABF999E-FCE1-468A-BB99-09FDA3DDDE21}
	EndGlobalSection
EndGlobal
